
Microsoft Visual Studio Solution File, Format Version 12.00
# Visual Studio Version 16
VisualStudioVersion = 16.0.29709.97
MinimumVisualStudioVersion = 10.0.40219.1
Project("{FAE04EC0-301F-11D3-BF4B-00C04F79EFBC}") = "CsFundamental", "CsFundamental\CsFundamental.csproj", "{A50FC911-A29C-4455-B796-96857B784E32}"
EndProject
Global
	GlobalSection(SolutionConfigurationPlatforms) = preSolution
		Debug|Any CPU = Debug|Any CPU
		Release|Any CPU = Release|Any CPU
	EndGlobalSection
	GlobalSection(ProjectConfigurationPlatforms) = postSolution
		{A50FC911-A29C-4455-B796-96857B784E32}.Debug|Any CPU.ActiveCfg = Debug|Any CPU
		{A50FC911-A29C-4455-B796-96857B784E32}.Debug|Any CPU.Build.0 = Debug|Any CPU
		{A50FC911-A29C-4455-B796-96857B784E32}.Release|Any CPU.ActiveCfg = Release|Any CPU
		{A50FC911-A29C-4455-B796-96857B784E32}.Release|Any CPU.Build.0 = Release|Any CPU
	EndGlobalSection
	GlobalSection(SolutionProperties) = preSolution
		HideSolutionNode = FALSE
	EndGlobalSection
	GlobalSection(ExtensibilityGlobals) = postSolution
		SolutionGuid = {BA0BD9BC-5F90-4744-AF7A-638266808A1F}
	EndGlobalSection
EndGlobal
